{
	"name": "ko-grid",
	"version": "2.1.1",
	"lockfileVersion": 2,
	"requires": true,
	"packages": {
		"": {
			"version": "2.1.1",
			"license": "UNLICENSED",
			"devDependencies": {
				"rollup": "^1.32.1",
				"typescript": "^3.9.7"
			},
			"peerDependencies": {
				"bowser": "^1.9.4",
				"jquery": "^3.5.0",
				"jquery-ui-dist": "~1.12.1",
				"knockout": "^3.5.1"
			}
		},
		"node_modules/@types/estree": {
			"version": "0.0.45",
			"resolved": "https://registry.npmjs.org/@types/estree/-/estree-0.0.45.tgz",
			"integrity": "sha512-jnqIUKDUqJbDIUxm0Uj7bnlMnRm1T/eZ9N+AVMqhPgzrba2GhGG5o/jCTwmdPK709nEZsGoMzXEDUjcXHa3W0g==",
			"dev": true
		},
		"node_modules/@types/node": {
			"version": "14.14.7",
			"resolved": "https://registry.npmjs.org/@types/node/-/node-14.14.7.tgz",
			"integrity": "sha512-Zw1vhUSQZYw+7u5dAwNbIA9TuTotpzY/OF7sJM9FqPOF3SPjKnxrjoTktXDZgUjybf4cWVBP7O8wvKdSaGHweg==",
			"dev": true
		},
		"node_modules/bowser": {
			"version": "1.9.4",
			"resolved": "https://registry.npmjs.org/bowser/-/bowser-1.9.4.tgz",
			"integrity": "sha512-9IdMmj2KjigRq6oWhmwv1W36pDuA4STQZ8q6YO9um+x07xgYNCD3Oou+WP/3L1HNz7iqythGet3/p4wvc8AAwQ==",
			"peer": true
		},
		"node_modules/jquery": {
			"version": "3.5.1",
			"resolved": "https://registry.npmjs.org/jquery/-/jquery-3.5.1.tgz",
			"integrity": "sha512-XwIBPqcMn57FxfT+Go5pzySnm4KWkT1Tv7gjrpT1srtf8Weynl6R273VJ5GjkRb51IzMp5nbaPjJXMWeju2MKg==",
			"peer": true
		},
		"node_modules/jquery-ui-dist": {
			"version": "1.12.1",
			"resolved": "https://registry.npmjs.org/jquery-ui-dist/-/jquery-ui-dist-1.12.1.tgz",
			"integrity": "sha1-XAgV08xvkP9fqvWyaKbiO0ypBPo=",
			"peer": true
		},
		"node_modules/knockout": {
			"version": "3.5.1",
			"resolved": "https://registry.npmjs.org/knockout/-/knockout-3.5.1.tgz",
			"integrity": "sha512-wRJ9I4az0QcsH7A4v4l0enUpkS++MBx0BnL/68KaLzJg7x1qmbjSlwEoCNol7KTYZ+pmtI7Eh2J0Nu6/2Z5J/Q==",
			"peer": true
		},
		"node_modules/rollup": {
			"version": "1.32.1",
			"resolved": "https://registry.npmjs.org/rollup/-/rollup-1.32.1.tgz",
			"integrity": "sha512-/2HA0Ec70TvQnXdzynFffkjA6XN+1e2pEv/uKS5Ulca40g2L7KuOE3riasHoNVHOsFD5KKZgDsMk1CP3Tw9s+A==",
			"dev": true,
			"dependencies": {
				"@types/estree": "*",
				"@types/node": "*",
				"acorn": "^7.1.0"
			},
			"bin": {
				"rollup": "dist/bin/rollup"
			}
		},
		"node_modules/rollup/node_modules/acorn": {
			"version": "7.4.1",
			"resolved": "https://registry.npmjs.org/acorn/-/acorn-7.4.1.tgz",
			"integrity": "sha512-nQyp0o1/mNdbTO1PO6kHkwSrmgZ0MT/jCCpNiwbUjGoRN4dlBhqJtoQuCnEOKzgTVwg0ZWiCoQy6SxMebQVh8A==",
			"dev": true,
			"bin": {
				"acorn": "bin/acorn"
			},
			"engines": {
				"node": ">=0.4.0"
			}
		},
		"node_modules/typescript": {
			"version": "3.9.7",
			"resolved": "https://registry.npmjs.org/typescript/-/typescript-3.9.7.tgz",
			"integrity": "sha512-BLbiRkiBzAwsjut4x/dsibSTB6yWpwT5qWmC2OfuCg3GgVQCSgMs4vEctYPhsaGtd0AeuuHMkjZ2h2WG8MSzRw==",
			"dev": true,
			"bin": {
				"tsc": "bin/tsc",
				"tsserver": "bin/tsserver"
			},
			"engines": {
				"node": ">=4.2.0"
			}
		}
	},
	"dependencies": {
		"@types/estree": {
			"version": "0.0.45",
			"resolved": "https://registry.npmjs.org/@types/estree/-/estree-0.0.45.tgz",
			"integrity": "sha512-jnqIUKDUqJbDIUxm0Uj7bnlMnRm1T/eZ9N+AVMqhPgzrba2GhGG5o/jCTwmdPK709nEZsGoMzXEDUjcXHa3W0g==",
			"dev": true
		},
		"@types/node": {
			"version": "14.14.7",
			"resolved": "https://registry.npmjs.org/@types/node/-/node-14.14.7.tgz",
			"integrity": "sha512-Zw1vhUSQZYw+7u5dAwNbIA9TuTotpzY/OF7sJM9FqPOF3SPjKnxrjoTktXDZgUjybf4cWVBP7O8wvKdSaGHweg==",
			"dev": true
		},
		"bowser": {
			"version": "1.9.4",
			"resolved": "https://registry.npmjs.org/bowser/-/bowser-1.9.4.tgz",
			"integrity": "sha512-9IdMmj2KjigRq6oWhmwv1W36pDuA4STQZ8q6YO9um+x07xgYNCD3Oou+WP/3L1HNz7iqythGet3/p4wvc8AAwQ==",
			"peer": true
		},
		"jquery": {
			"version": "3.5.1",
			"resolved": "https://registry.npmjs.org/jquery/-/jquery-3.5.1.tgz",
			"integrity": "sha512-XwIBPqcMn57FxfT+Go5pzySnm4KWkT1Tv7gjrpT1srtf8Weynl6R273VJ5GjkRb51IzMp5nbaPjJXMWeju2MKg==",
			"peer": true
		},
		"jquery-ui-dist": {
			"version": "1.12.1",
			"resolved": "https://registry.npmjs.org/jquery-ui-dist/-/jquery-ui-dist-1.12.1.tgz",
			"integrity": "sha1-XAgV08xvkP9fqvWyaKbiO0ypBPo=",
			"peer": true
		},
		"knockout": {
			"version": "3.5.1",
			"resolved": "https://registry.npmjs.org/knockout/-/knockout-3.5.1.tgz",
			"integrity": "sha512-wRJ9I4az0QcsH7A4v4l0enUpkS++MBx0BnL/68KaLzJg7x1qmbjSlwEoCNol7KTYZ+pmtI7Eh2J0Nu6/2Z5J/Q==",
			"peer": true
		},
		"rollup": {
			"version": "1.32.1",
			"resolved": "https://registry.npmjs.org/rollup/-/rollup-1.32.1.tgz",
			"integrity": "sha512-/2HA0Ec70TvQnXdzynFffkjA6XN+1e2pEv/uKS5Ulca40g2L7KuOE3riasHoNVHOsFD5KKZgDsMk1CP3Tw9s+A==",
			"dev": true,
			"requires": {
				"@types/estree": "*",
				"@types/node": "*",
				"acorn": "^7.1.0"
			},
			"dependencies": {
				"acorn": {
					"version": "7.4.1",
					"resolved": "https://registry.npmjs.org/acorn/-/acorn-7.4.1.tgz",
					"integrity": "sha512-nQyp0o1/mNdbTO1PO6kHkwSrmgZ0MT/jCCpNiwbUjGoRN4dlBhqJtoQuCnEOKzgTVwg0ZWiCoQy6SxMebQVh8A==",
					"dev": true
				}
			}
		},
		"typescript": {
			"version": "3.9.7",
			"resolved": "https://registry.npmjs.org/typescript/-/typescript-3.9.7.tgz",
			"integrity": "sha512-BLbiRkiBzAwsjut4x/dsibSTB6yWpwT5qWmC2OfuCg3GgVQCSgMs4vEctYPhsaGtd0AeuuHMkjZ2h2WG8MSzRw==",
			"dev": true
		}
	}
}
